// !$*UTF8*$!
{
	archiveVersion = 1;
	classes = {
	};
	objectVersion = 56;
	objects = {

/* Begin PBXBuildFile section */
		31472B222B8A19700068D848 /* AppDelegate.swift in Sources */ = {isa = PBXBuildFile; fileRef = 31472B212B8A19700068D848 /* AppDelegate.swift */; };
		31472B242B8A19700068D848 /* SceneDelegate.swift in Sources */ = {isa = PBXBuildFile; fileRef = 31472B232B8A19700068D848 /* SceneDelegate.swift */; };
		31472B262B8A19700068D848 /* ViewController.swift in Sources */ = {isa = PBXBuildFile; fileRef = 31472B252B8A19700068D848 /* ViewController.swift */; };
		31472B292B8A19700068D848 /* Main.storyboard in Resources */ = {isa = PBXBuildFile; fileRef = 31472B272B8A19700068D848 /* Main.storyboard */; };
		31472B2B2B8A19720068D848 /* Assets.xcassets in Resources */ = {isa = PBXBuildFile; fileRef = 31472B2A2B8A19720068D848 /* Assets.xcassets */; };
		31472B2E2B8A19720068D848 /* LaunchScreen.storyboard in Resources */ = {isa = PBXBuildFile; fileRef = 31472B2C2B8A19720068D848 /* LaunchScreen.storyboard */; };
		31472B382B8A19BD0068D848 /* Story.swift in Sources */ = {isa = PBXBuildFile; fileRef = 31472B372B8A19BD0068D848 /* Story.swift */; };
		31472B3B2B8A19D80068D848 /* StoryBrain.swift in Sources */ = {isa = PBXBuildFile; fileRef = 31472B3A2B8A19D80068D848 /* StoryBrain.swift */; };
/* End PBXBuildFile section */

/* Begin PBXFileReference section */
		31472B1E2B8A19700068D848 /* MyDestiniGame.app */ = {isa = PBXFileReference; explicitFileType = wrapper.application; includeInIndex = 0; path = MyDestiniGame.app; sourceTree = BUILT_PRODUCTS_DIR; };
		31472B212B8A19700068D848 /* AppDelegate.swift */ = {isa = PBXFileReference; lastKnownFileType = sourcecode.swift; path = AppDelegate.swift; sourceTree = "<group>"; };
		31472B232B8A19700068D848 /* SceneDelegate.swift */ = {isa = PBXFileReference; lastKnownFileType = sourcecode.swift; path = SceneDelegate.swift; sourceTree = "<group>"; };
		31472B252B8A19700068D848 /* ViewController.swift */ = {isa = PBXFileReference; lastKnownFileType = sourcecode.swift; path = ViewController.swift; sourceTree = "<group>"; };
		31472B282B8A19700068D848 /* Base */ = {isa = PBXFileReference; lastKnownFileType = file.storyboard; name = Base; path = Base.lproj/Main.storyboard; sourceTree = "<group>"; };
		31472B2A2B8A19720068D848 /* Assets.xcassets */ = {isa = PBXFileReference; lastKnownFileType = folder.assetcatalog; path = Assets.xcassets; sourceTree = "<group>"; };
		31472B2D2B8A19720068D848 /* Base */ = {isa = PBXFileReference; lastKnownFileType = file.storyboard; name = Base; path = Base.lproj/LaunchScreen.storyboard; sourceTree = "<group>"; };
		31472B2F2B8A19720068D848 /* Info.plist */ = {isa = PBXFileReference; lastKnownFileType = text.plist.xml; path = Info.plist; sourceTree = "<group>"; };
		31472B372B8A19BD0068D848 /* Story.swift */ = {isa = PBXFileReference; lastKnownFileType = sourcecode.swift; path = Story.swift; sourceTree = "<group>"; };
		31472B3A2B8A19D80068D848 /* StoryBrain.swift */ = {isa = PBXFileReference; lastKnownFileType = sourcecode.swift; path = StoryBrain.swift; sourceTree = "<group>"; };
/* End PBXFileReference section */

/* Begin PBXFrameworksBuildPhase section */
		31472B1B2B8A19700068D848 /* Frameworks */ = {
			isa = PBXFrameworksBuildPhase;
			buildActionMask = 2147483647;
			files = (
			);
			runOnlyForDeploymentPostprocessing = 0;
		};
/* End PBXFrameworksBuildPhase section */

/* Begin PBXGroup section */
		31472B152B8A19700068D848 = {
			isa = PBXGroup;
			children = (
				31472B202B8A19700068D848 /* MyDestiniGame */,
				31472B1F2B8A19700068D848 /* Products */,
			);
			sourceTree = "<group>";
		};
		31472B1F2B8A19700068D848 /* Products */ = {
			isa = PBXGroup;
			children = (
				31472B1E2B8A19700068D848 /* MyDestiniGame.app */,
			);
			name = Products;
			sourceTree = "<group>";
		};
		31472B202B8A19700068D848 /* MyDestiniGame */ = {
			isa = PBXGroup;
			children = (
				31472B212B8A19700068D848 /* AppDelegate.swift */,
				31472B232B8A19700068D848 /* SceneDelegate.swift */,
				31472B392B8A19C30068D848 /* Model */,
				31472B362B8A198E0068D848 /* View */,
				31472B352B8A197E0068D848 /* Controller */,
				31472B2A2B8A19720068D848 /* Assets.xcassets */,
				31472B2F2B8A19720068D848 /* Info.plist */,
			);
			path = MyDestiniGame;
			sourceTree = "<group>";
		};
		31472B352B8A197E0068D848 /* Controller */ = {
			isa = PBXGroup;
			children = (
				31472B252B8A19700068D848 /* ViewController.swift */,
			);
			path = Controller;
			sourceTree = "<group>";
		};
		31472B362B8A198E0068D848 /* View */ = {
			isa = PBXGroup;
			children = (
				31472B272B8A19700068D848 /* Main.storyboard */,
				31472B2C2B8A19720068D848 /* LaunchScreen.storyboard */,
			);
			path = View;
			sourceTree = "<group>";
		};
		31472B392B8A19C30068D848 /* Model */ = {
			isa = PBXGroup;
			children = (
				31472B372B8A19BD0068D848 /* Story.swift */,
				31472B3A2B8A19D80068D848 /* StoryBrain.swift */,
			);
			path = Model;
			sourceTree = "<group>";
		};
/* End PBXGroup section */

/* Begin PBXNativeTarget section */
		31472B1D2B8A19700068D848 /* MyDestiniGame */ = {
			isa = PBXNativeTarget;
			buildConfigurationList = 31472B322B8A19720068D848 /* Build configuration list for PBXNativeTarget "MyDestiniGame" */;
			buildPhases = (
				31472B1A2B8A19700068D848 /* Sources */,
				31472B1B2B8A19700068D848 /* Frameworks */,
				31472B1C2B8A19700068D848 /* Resources */,
			);
			buildRules = (
			);
			dependencies = (
			);
			name = MyDestiniGame;
			productName = MyDestiniGame;
			productReference = 31472B1E2B8A19700068D848 /* MyDestiniGame.app */;
			productType = "com.apple.product-type.application";
		};
/* End PBXNativeTarget section */

/* Begin PBXProject section */
		31472B162B8A19700068D848 /* Project object */ = {
			isa = PBXProject;
			attributes = {
				BuildIndependentTargetsInParallel = 1;
				LastSwiftUpdateCheck = 1520;
				LastUpgradeCheck = 1520;
				TargetAttributes = {
					31472B1D2B8A19700068D848 = {
						CreatedOnToolsVersion = 15.2;
					};
				};
			};
			buildConfigurationList = 31472B192B8A19700068D848 /* Build configuration list for PBXProject "MyDestiniGame" */;
			compatibilityVersion = "Xcode 14.0";
			developmentRegion = en;
			hasScannedForEncodings = 0;
			knownRegions = (
				en,
				Base,
			);
			mainGroup = 31472B152B8A19700068D848;
			productRefGroup = 31472B1F2B8A19700068D848 /* Products */;
			projectDirPath = "";
			projectRoot = "";
			targets = (
				31472B1D2B8A19700068D848 /* MyDestiniGame */,
			);
		};
/* End PBXProject section */

/* Begin PBXResourcesBuildPhase section */
		31472B1C2B8A19700068D848 /* Resources */ = {
			isa = PBXResourcesBuildPhase;
			buildActionMask = 2147483647;
			files = (
				31472B2E2B8A19720068D848 /* LaunchScreen.storyboard in Resources */,
				31472B2B2B8A19720068D848 /* Assets.xcassets in Resources */,
				31472B292B8A19700068D848 /* Main.storyboard in Resources */,
			);
			runOnlyForDeploymentPostprocessing = 0;
		};
/* End PBXResourcesBuildPhase section */

/* Begin PBXSourcesBuildPhase section */
		31472B1A2B8A19700068D848 /* Sources */ = {
			isa = PBXSourcesBuildPhase;
			buildActionMask = 2147483647;
			files = (
				31472B3B2B8A19D80068D848 /* StoryBrain.swift in Sources */,
				31472B262B8A19700068D848 /* ViewController.swift in Sources */,
				31472B222B8A19700068D848 /* AppDelegate.swift in Sources */,
				31472B242B8A19700068D848 /* SceneDelegate.swift in Sources */,
				31472B382B8A19BD0068D848 /* Story.swift in Sources */,
			);
			runOnlyForDeploymentPostprocessing = 0;
		};
/* End PBXSourcesBuildPhase section */

/* Begin PBXVariantGroup section */
		31472B272B8A19700068D848 /* Main.storyboard */ = {
			isa = PBXVariantGroup;
			children = (
				31472B282B8A19700068D848 /* Base */,
			);
			name = Main.storyboard;
			sourceTree = "<group>";
		};
		31472B2C2B8A19720068D848 /* LaunchScreen.storyboard */ = {
			isa = PBXVariantGroup;
			children = (
				31472B2D2B8A19720068D848 /* Base */,
			);
			name = LaunchScreen.storyboard;
			sourceTree = "<group>";
		};
/* End PBXVariantGroup section */

/* Begin XCBuildConfiguration section */
		31472B302B8A19720068D848 /* Debug */ = {
			isa = XCBuildConfiguration;
			buildSettings = {
				ALWAYS_SEARCH_USER_PATHS = NO;
				ASSETCATALOG_COMPILER_GENERATE_SWIFT_ASSET_SYMBOL_EXTENSIONS = YES;
				CLANG_ANALYZER_NONNULL = YES;
				CLANG_ANALYZER_NUMBER_OBJECT_CONVERSION = YES_AGGRESSIVE;
				CLANG_CXX_LANGUAGE_STANDARD = "gnu++20";
				CLANG_ENABLE_MODULES = YES;
				CLANG_ENABLE_OBJC_ARC = YES;
				CLANG_ENABLE_OBJC_WEAK = YES;
				CLANG_WARN_BLOCK_CAPTURE_AUTORELEASING = YES;
				CLANG_WARN_BOOL_CONVERSION = YES;
				CLANG_WARN_COMMA = YES;
				CLANG_WARN_CONSTANT_CONVERSION = YES;
				CLANG_WARN_DEPRECATED_OBJC_IMPLEMENTATIONS = YES;
				CLANG_WARN_DIRECT_OBJC_ISA_USAGE = YES_ERROR;
				CLANG_WARN_DOCUMENTATION_COMMENTS = YES;
				CLANG_WARN_EMPTY_BODY = YES;
				CLANG_WARN_ENUM_CONVERSION = YES;
				CLANG_WARN_INFINITE_RECURSION = YES;
				CLANG_WARN_INT_CONVERSION = YES;
				CLANG_WARN_NON_LITERAL_NULL_CONVERSION = YES;
				CLANG_WARN_OBJC_IMPLICIT_RETAIN_SELF = YES;
				CLANG_WARN_OBJC_LITERAL_CONVERSION = YES;
				CLANG_WARN_OBJC_ROOT_CLASS = YES_ERROR;
				CLANG_WARN_QUOTED_INCLUDE_IN_FRAMEWORK_HEADER = YES;
				CLANG_WARN_RANGE_LOOP_ANALYSIS = YES;
				CLANG_WARN_STRICT_PROTOTYPES = YES;
				CLANG_WARN_SUSPICIOUS_MOVE = YES;
				CLANG_WARN_UNGUARDED_AVAILABILITY = YES_AGGRESSIVE;
				CLANG_WARN_UNREACHABLE_CODE = YES;
				CLANG_WARN__DUPLICATE_METHOD_MATCH = YES;
				COPY_PHASE_STRIP = NO;
				DEBUG_INFORMATION_FORMAT = dwarf;
				ENABLE_STRICT_OBJC_MSGSEND = YES;
				ENABLE_TESTABILITY = YES;
				ENABLE_USER_SCRIPT_SANDBOXING = YES;
				GCC_C_LANGUAGE_STANDARD = gnu17;
				GCC_DYNAMIC_NO_PIC = NO;
				GCC_NO_COMMON_BLOCKS = YES;
				GCC_OPTIMIZATION_LEVEL = 0;
				GCC_PREPROCESSOR_DEFINITIONS = (
					"DEBUG=1",
					"$(inherited)",
				);
				GCC_WARN_64_TO_32_BIT_CONVERSION = YES;
				GCC_WARN_ABOUT_RETURN_TYPE = YES_ERROR;
				GCC_WARN_UNDECLARED_SELECTOR = YES;
				GCC_WARN_UNINITIALIZED_AUTOS = YES_AGGRESSIVE;
				GCC_WARN_UNUSED_FUNCTION = YES;
				GCC_WARN_UNUSED_VARIABLE = YES;
				IPHONEOS_DEPLOYMENT_TARGET = 17.2;
				LOCALIZATION_PREFERS_STRING_CATALOGS = YES;
				MTL_ENABLE_DEBUG_INFO = INCLUDE_SOURCE;
				MTL_FAST_MATH = YES;
				ONLY_ACTIVE_ARCH = YES;
				SDKROOT = iphoneos;
				SWIFT_ACTIVE_COMPILATION_CONDITIONS = "DEBUG $(inherited)";
				SWIFT_OPTIMIZATION_LEVEL = "-Onone";
			};
			name = Debug;
		};
		31472B312B8A19720068D848 /* Release */ = {
			isa = XCBuildConfiguration;
			buildSettings = {
				ALWAYS_SEARCH_USER_PATHS = NO;
				ASSETCATALOG_COMPILER_GENERATE_SWIFT_ASSET_SYMBOL_EXTENSIONS = YES;
				CLANG_ANALYZER_NONNULL = YES;
				CLANG_ANALYZER_NUMBER_OBJECT_CONVERSION = YES_AGGRESSIVE;
				CLANG_CXX_LANGUAGE_STANDARD = "gnu++20";
				CLANG_ENABLE_MODULES = YES;
				CLANG_ENABLE_OBJC_ARC = YES;
				CLANG_ENABLE_OBJC_WEAK = YES;
				CLANG_WARN_BLOCK_CAPTURE_AUTORELEASING = YES;
				CLANG_WARN_BOOL_CONVERSION = YES;
				CLANG_WARN_COMMA = YES;
				CLANG_WARN_CONSTANT_CONVERSION = YES;
				CLANG_WARN_DEPRECATED_OBJC_IMPLEMENTATIONS = YES;
				CLANG_WARN_DIRECT_OBJC_ISA_USAGE = YES_ERROR;
				CLANG_WARN_DOCUMENTATION_COMMENTS = YES;
				CLANG_WARN_EMPTY_BODY = YES;
				CLANG_WARN_ENUM_CONVERSION = YES;
				CLANG_WARN_INFINITE_RECURSION = YES;
				CLANG_WARN_INT_CONVERSION = YES;
				CLANG_WARN_NON_LITERAL_NULL_CONVERSION = YES;
				CLANG_WARN_OBJC_IMPLICIT_RETAIN_SELF = YES;
				CLANG_WARN_OBJC_LITERAL_CONVERSION = YES;
				CLANG_WARN_OBJC_ROOT_CLASS = YES_ERROR;
				CLANG_WARN_QUOTED_INCLUDE_IN_FRAMEWORK_HEADER = YES;
				CLANG_WARN_RANGE_LOOP_ANALYSIS = YES;
				CLANG_WARN_STRICT_PROTOTYPES = YES;
				CLANG_WARN_SUSPICIOUS_MOVE = YES;
				CLANG_WARN_UNGUARDED_AVAILABILITY = YES_AGGRESSIVE;
				CLANG_WARN_UNREACHABLE_CODE = YES;
				CLANG_WARN__DUPLICATE_METHOD_MATCH = YES;
				COPY_PHASE_STRIP = NO;
				DEBUG_INFORMATION_FORMAT = "dwarf-with-dsym";
				ENABLE_NS_ASSERTIONS = NO;
				ENABLE_STRICT_OBJC_MSGSEND = YES;
				ENABLE_USER_SCRIPT_SANDBOXING = YES;
				GCC_C_LANGUAGE_STANDARD = gnu17;
				GCC_NO_COMMON_BLOCKS = YES;
				GCC_WARN_64_TO_32_BIT_CONVERSION = YES;
				GCC_WARN_ABOUT_RETURN_TYPE = YES_ERROR;
				GCC_WARN_UNDECLARED_SELECTOR = YES;
				GCC_WARN_UNINITIALIZED_AUTOS = YES_AGGRESSIVE;
				GCC_WARN_UNUSED_FUNCTION = YES;
				GCC_WARN_UNUSED_VARIABLE = YES;
				IPHONEOS_DEPLOYMENT_TARGET = 17.2;
				LOCALIZATION_PREFERS_STRING_CATALOGS = YES;
				MTL_ENABLE_DEBUG_INFO = NO;
				MTL_FAST_MATH = YES;
				SDKROOT = iphoneos;
				SWIFT_COMPILATION_MODE = wholemodule;
				VALIDATE_PRODUCT = YES;
			};
			name = Release;
		};
		31472B332B8A19720068D848 /* Debug */ = {
			isa = XCBuildConfiguration;
			buildSettings = {
				ASSETCATALOG_COMPILER_APPICON_NAME = AppIcon;
				ASSETCATALOG_COMPILER_GLOBAL_ACCENT_COLOR_NAME = AccentColor;
				CODE_SIGN_STYLE = Automatic;
				CURRENT_PROJECT_VERSION = 1;
				DEVELOPMENT_TEAM = 72WF57A54C;
				GENERATE_INFOPLIST_FILE = YES;
				INFOPLIST_FILE = MyDestiniGame/Info.plist;
				INFOPLIST_KEY_UIApplicationSupportsIndirectInputEvents = YES;
				INFOPLIST_KEY_UILaunchStoryboardName = LaunchScreen;
				INFOPLIST_KEY_UIMainStoryboardFile = Main;
				INFOPLIST_KEY_UISupportedInterfaceOrientations_iPad = "UIInterfaceOrientationPortrait UIInterfaceOrientationPortraitUpsideDown UIInterfaceOrientationLandscapeLeft UIInterfaceOrientationLandscapeRight";
				INFOPLIST_KEY_UISupportedInterfaceOrientations_iPhone = "UIInterfaceOrientationPortrait UIInterfaceOrientationLandscapeLeft UIInterfaceOrientationLandscapeRight";
				LD_RUNPATH_SEARCH_PATHS = (
					"$(inherited)",
					"@executable_path/Frameworks",
				);
				MARKETING_VERSION = 1.0;
				PRODUCT_BUNDLE_IDENTIFIER = PavelShirokiy.MyDestiniGame;
				PRODUCT_NAME = "$(TARGET_NAME)";
				SWIFT_EMIT_LOC_STRINGS = YES;
				SWIFT_VERSION = 5.0;
				TARGETED_DEVICE_FAMILY = "1,2";
			};
			name = Debug;
		};
		31472B342B8A19720068D848 /* Release */ = {
			isa = XCBuildConfiguration;
			buildSettings = {
				ASSETCATALOG_COMPILER_APPICON_NAME = AppIcon;
				ASSETCATALOG_COMPILER_GLOBAL_ACCENT_COLOR_NAME = AccentColor;
				CODE_SIGN_STYLE = Automatic;
				CURRENT_PROJECT_VERSION = 1;
				DEVELOPMENT_TEAM = 72WF57A54C;
				GENERATE_INFOPLIST_FILE = YES;
				INFOPLIST_FILE = MyDestiniGame/Info.plist;
				INFOPLIST_KEY_UIApplicationSupportsIndirectInputEvents = YES;
				INFOPLIST_KEY_UILaunchStoryboardName = LaunchScreen;
				INFOPLIST_KEY_UIMainStoryboardFile = Main;
				INFOPLIST_KEY_UISupportedInterfaceOrientations_iPad = "UIInterfaceOrientationPortrait UIInterfaceOrientationPortraitUpsideDown UIInterfaceOrientationLandscapeLeft UIInterfaceOrientationLandscapeRight";
				INFOPLIST_KEY_UISupportedInterfaceOrientations_iPhone = "UIInterfaceOrientationPortrait UIInterfaceOrientationLandscapeLeft UIInterfaceOrientationLandscapeRight";
				LD_RUNPATH_SEARCH_PATHS = (
					"$(inherited)",
					"@executable_path/Frameworks",
				);
				MARKETING_VERSION = 1.0;
				PRODUCT_BUNDLE_IDENTIFIER = PavelShirokiy.MyDestiniGame;
				PRODUCT_NAME = "$(TARGET_NAME)";
				SWIFT_EMIT_LOC_STRINGS = YES;
				SWIFT_VERSION = 5.0;
				TARGETED_DEVICE_FAMILY = "1,2";
			};
			name = Release;
		};
/* End XCBuildConfiguration section */

/* Begin XCConfigurationList section */
		31472B192B8A19700068D848 /* Build configuration list for PBXProject "MyDestiniGame" */ = {
			isa = XCConfigurationList;
			buildConfigurations = (
				31472B302B8A19720068D848 /* Debug */,
				31472B312B8A19720068D848 /* Release */,
			);
			defaultConfigurationIsVisible = 0;
			defaultConfigurationName = Release;
		};
		31472B322B8A19720068D848 /* Build configuration list for PBXNativeTarget "MyDestiniGame" */ = {
			isa = XCConfigurationList;
			buildConfigurations = (
				31472B332B8A19720068D848 /* Debug */,
				31472B342B8A19720068D848 /* Release */,
			);
			defaultConfigurationIsVisible = 0;
			defaultConfigurationName = Release;
		};
/* End XCConfigurationList section */
	};
	rootObject = 31472B162B8A19700068D848 /* Project object */;
}
